// !$*UTF8*$!
{
	archiveVersion = 1;
	classes = {
	};
	objectVersion = 46;
	objects = {

/* Begin PBXBuildFile section */
		3577FCCF1DF59F0100C55483 /* AppDelegate.swift in Sources */ = {isa = PBXBuildFile; fileRef = 3577FCCE1DF59F0100C55483 /* AppDelegate.swift */; };
		3577FCD11DF59F0100C55483 /* ViewController.swift in Sources */ = {isa = PBXBuildFile; fileRef = 3577FCD01DF59F0100C55483 /* ViewController.swift */; };
		3577FCD41DF59F0100C55483 /* Main.storyboard in Resources */ = {isa = PBXBuildFile; fileRef = 3577FCD21DF59F0100C55483 /* Main.storyboard */; };
		3577FCD61DF59F0100C55483 /* Assets.xcassets in Resources */ = {isa = PBXBuildFile; fileRef = 3577FCD51DF59F0100C55483 /* Assets.xcassets */; };
		3577FCD91DF59F0100C55483 /* LaunchScreen.storyboard in Resources */ = {isa = PBXBuildFile; fileRef = 3577FCD71DF59F0100C55483 /* LaunchScreen.storyboard */; };
		3577FCE11DF5B76F00C55483 /* AboutViewController.swift in Sources */ = {isa = PBXBuildFile; fileRef = 3577FCE01DF5B76F00C55483 /* AboutViewController.swift */; };
		3577FCF11DF64D8100C55483 /* BullsEye.html in Resources */ = {isa = PBXBuildFile; fileRef = 3577FCE61DF64D8100C55483 /* BullsEye.html */; };
		357D223D1DF6DBAB00DD6E43 /* Background@2x.png in Resources */ = {isa = PBXBuildFile; fileRef = 357D22331DF6DBAB00DD6E43 /* Background@2x.png */; };
		357D223E1DF6DBAB00DD6E43 /* Button-Highlighted@2x.png in Resources */ = {isa = PBXBuildFile; fileRef = 357D22341DF6DBAB00DD6E43 /* Button-Highlighted@2x.png */; };
		357D223F1DF6DBAB00DD6E43 /* Button-Normal@2x.png in Resources */ = {isa = PBXBuildFile; fileRef = 357D22351DF6DBAB00DD6E43 /* Button-Normal@2x.png */; };
		357D22401DF6DBAB00DD6E43 /* InfoButton@2x.png in Resources */ = {isa = PBXBuildFile; fileRef = 357D22361DF6DBAB00DD6E43 /* InfoButton@2x.png */; };
		357D22411DF6DBAB00DD6E43 /* SliderThumb-Highlighted@2x.png in Resources */ = {isa = PBXBuildFile; fileRef = 357D22371DF6DBAB00DD6E43 /* SliderThumb-Highlighted@2x.png */; };
		357D22421DF6DBAB00DD6E43 /* SliderThumb-Normal@2x.png in Resources */ = {isa = PBXBuildFile; fileRef = 357D22381DF6DBAB00DD6E43 /* SliderThumb-Normal@2x.png */; };
		357D22431DF6DBAB00DD6E43 /* SliderTrackLeft@2x.png in Resources */ = {isa = PBXBuildFile; fileRef = 357D22391DF6DBAB00DD6E43 /* SliderTrackLeft@2x.png */; };
		357D22441DF6DBAB00DD6E43 /* SliderTrackRight@2x.png in Resources */ = {isa = PBXBuildFile; fileRef = 357D223A1DF6DBAB00DD6E43 /* SliderTrackRight@2x.png */; };
		357D22451DF6DBAB00DD6E43 /* SmallButton@2x.png in Resources */ = {isa = PBXBuildFile; fileRef = 357D223B1DF6DBAB00DD6E43 /* SmallButton@2x.png */; };
		357D22461DF6DBAB00DD6E43 /* StartOverIcon@2x.png in Resources */ = {isa = PBXBuildFile; fileRef = 357D223C1DF6DBAB00DD6E43 /* StartOverIcon@2x.png */; };
		357D224D1DF6E29400DD6E43 /* fail.wav in Resources */ = {isa = PBXBuildFile; fileRef = 357D22481DF6E29400DD6E43 /* fail.wav */; };
		357D224E1DF6E29400DD6E43 /* newRound.wav in Resources */ = {isa = PBXBuildFile; fileRef = 357D22491DF6E29400DD6E43 /* newRound.wav */; };
		357D224F1DF6E29400DD6E43 /* newgame.wav in Resources */ = {isa = PBXBuildFile; fileRef = 357D224A1DF6E29400DD6E43 /* newgame.wav */; };
		357D22501DF6E29400DD6E43 /* POP Echo Bouncer 01.wav in Resources */ = {isa = PBXBuildFile; fileRef = 357D224B1DF6E29400DD6E43 /* POP Echo Bouncer 01.wav */; };
		357D22541DF6E7BA00DD6E43 /* perfect.wav in Resources */ = {isa = PBXBuildFile; fileRef = 357D22531DF6E7BA00DD6E43 /* perfect.wav */; };
/* End PBXBuildFile section */

/* Begin PBXFileReference section */
		3577FCCB1DF59F0100C55483 /* BullEyes.app */ = {isa = PBXFileReference; explicitFileType = wrapper.application; includeInIndex = 0; path = BullEyes.app; sourceTree = BUILT_PRODUCTS_DIR; };
		3577FCCE1DF59F0100C55483 /* AppDelegate.swift */ = {isa = PBXFileReference; lastKnownFileType = sourcecode.swift; path = AppDelegate.swift; sourceTree = "<group>"; };
		3577FCD01DF59F0100C55483 /* ViewController.swift */ = {isa = PBXFileReference; lastKnownFileType = sourcecode.swift; path = ViewController.swift; sourceTree = "<group>"; };
		3577FCD31DF59F0100C55483 /* Base */ = {isa = PBXFileReference; lastKnownFileType = file.storyboard; name = Base; path = Base.lproj/Main.storyboard; sourceTree = "<group>"; };
		3577FCD51DF59F0100C55483 /* Assets.xcassets */ = {isa = PBXFileReference; lastKnownFileType = folder.assetcatalog; path = Assets.xcassets; sourceTree = "<group>"; };
		3577FCD81DF59F0100C55483 /* Base */ = {isa = PBXFileReference; lastKnownFileType = file.storyboard; name = Base; path = Base.lproj/LaunchScreen.storyboard; sourceTree = "<group>"; };
		3577FCDA1DF59F0100C55483 /* Info.plist */ = {isa = PBXFileReference; lastKnownFileType = text.plist.xml; path = Info.plist; sourceTree = "<group>"; };
		3577FCE01DF5B76F00C55483 /* AboutViewController.swift */ = {isa = PBXFileReference; fileEncoding = 4; lastKnownFileType = sourcecode.swift; path = AboutViewController.swift; sourceTree = "<group>"; };
		3577FCE61DF64D8100C55483 /* BullsEye.html */ = {isa = PBXFileReference; fileEncoding = 4; lastKnownFileType = text.html; path = BullsEye.html; sourceTree = "<group>"; };
		357D22331DF6DBAB00DD6E43 /* Background@2x.png */ = {isa = PBXFileReference; lastKnownFileType = image.png; path = "Background@2x.png"; sourceTree = "<group>"; };
		357D22341DF6DBAB00DD6E43 /* Button-Highlighted@2x.png */ = {isa = PBXFileReference; lastKnownFileType = image.png; path = "Button-Highlighted@2x.png"; sourceTree = "<group>"; };
		357D22351DF6DBAB00DD6E43 /* Button-Normal@2x.png */ = {isa = PBXFileReference; lastKnownFileType = image.png; path = "Button-Normal@2x.png"; sourceTree = "<group>"; };
		357D22361DF6DBAB00DD6E43 /* InfoButton@2x.png */ = {isa = PBXFileReference; lastKnownFileType = image.png; path = "InfoButton@2x.png"; sourceTree = "<group>"; };
		357D22371DF6DBAB00DD6E43 /* SliderThumb-Highlighted@2x.png */ = {isa = PBXFileReference; lastKnownFileType = image.png; path = "SliderThumb-Highlighted@2x.png"; sourceTree = "<group>"; };
		357D22381DF6DBAB00DD6E43 /* SliderThumb-Normal@2x.png */ = {isa = PBXFileReference; lastKnownFileType = image.png; path = "SliderThumb-Normal@2x.png"; sourceTree = "<group>"; };
		357D22391DF6DBAB00DD6E43 /* SliderTrackLeft@2x.png */ = {isa = PBXFileReference; lastKnownFileType = image.png; path = "SliderTrackLeft@2x.png"; sourceTree = "<group>"; };
		357D223A1DF6DBAB00DD6E43 /* SliderTrackRight@2x.png */ = {isa = PBXFileReference; lastKnownFileType = image.png; path = "SliderTrackRight@2x.png"; sourceTree = "<group>"; };
		357D223B1DF6DBAB00DD6E43 /* SmallButton@2x.png */ = {isa = PBXFileReference; lastKnownFileType = image.png; path = "SmallButton@2x.png"; sourceTree = "<group>"; };
		357D223C1DF6DBAB00DD6E43 /* StartOverIcon@2x.png */ = {isa = PBXFileReference; lastKnownFileType = image.png; path = "StartOverIcon@2x.png"; sourceTree = "<group>"; };
		357D22481DF6E29400DD6E43 /* fail.wav */ = {isa = PBXFileReference; lastKnownFileType = audio.wav; path = fail.wav; sourceTree = "<group>"; };
		357D22491DF6E29400DD6E43 /* newRound.wav */ = {isa = PBXFileReference; lastKnownFileType = audio.wav; path = newRound.wav; sourceTree = "<group>"; };
		357D224A1DF6E29400DD6E43 /* newgame.wav */ = {isa = PBXFileReference; lastKnownFileType = audio.wav; path = newgame.wav; sourceTree = "<group>"; };
		357D224B1DF6E29400DD6E43 /* POP Echo Bouncer 01.wav */ = {isa = PBXFileReference; lastKnownFileType = audio.wav; path = "POP Echo Bouncer 01.wav"; sourceTree = "<group>"; };
		357D22531DF6E7BA00DD6E43 /* perfect.wav */ = {isa = PBXFileReference; lastKnownFileType = audio.wav; path = perfect.wav; sourceTree = "<group>"; };
/* End PBXFileReference section */

/* Begin PBXFrameworksBuildPhase section */
		3577FCC81DF59F0100C55483 /* Frameworks */ = {
			isa = PBXFrameworksBuildPhase;
			buildActionMask = 2147483647;
			files = (
			);
			runOnlyForDeploymentPostprocessing = 0;
		};
/* End PBXFrameworksBuildPhase section */

/* Begin PBXGroup section */
		3577FCC21DF59F0100C55483 = {
			isa = PBXGroup;
			children = (
				3577FCCD1DF59F0100C55483 /* BullEyes */,
				3577FCCC1DF59F0100C55483 /* Products */,
			);
			sourceTree = "<group>";
		};
		3577FCCC1DF59F0100C55483 /* Products */ = {
			isa = PBXGroup;
			children = (
				3577FCCB1DF59F0100C55483 /* BullEyes.app */,
			);
			name = Products;
			sourceTree = "<group>";
		};
		3577FCCD1DF59F0100C55483 /* BullEyes */ = {
			isa = PBXGroup;
			children = (
				3577FCCE1DF59F0100C55483 /* AppDelegate.swift */,
				3577FCD01DF59F0100C55483 /* ViewController.swift */,
				3577FCE01DF5B76F00C55483 /* AboutViewController.swift */,
				3577FCD21DF59F0100C55483 /* Main.storyboard */,
				3577FCD51DF59F0100C55483 /* Assets.xcassets */,
				3577FCD71DF59F0100C55483 /* LaunchScreen.storyboard */,
				3577FCDA1DF59F0100C55483 /* Info.plist */,
				3577FCE41DF64D6F00C55483 /* Resouce */,
			);
			path = BullEyes;
			sourceTree = "<group>";
		};
		3577FCE41DF64D6F00C55483 /* Resouce */ = {
			isa = PBXGroup;
			children = (
				357D22531DF6E7BA00DD6E43 /* perfect.wav */,
				357D22481DF6E29400DD6E43 /* fail.wav */,
				357D22491DF6E29400DD6E43 /* newRound.wav */,
				357D224A1DF6E29400DD6E43 /* newgame.wav */,
				357D224B1DF6E29400DD6E43 /* POP Echo Bouncer 01.wav */,
				357D22331DF6DBAB00DD6E43 /* Background@2x.png */,
				357D22341DF6DBAB00DD6E43 /* Button-Highlighted@2x.png */,
				357D22351DF6DBAB00DD6E43 /* Button-Normal@2x.png */,
				357D22361DF6DBAB00DD6E43 /* InfoButton@2x.png */,
				357D22371DF6DBAB00DD6E43 /* SliderThumb-Highlighted@2x.png */,
				357D22381DF6DBAB00DD6E43 /* SliderThumb-Normal@2x.png */,
				357D22391DF6DBAB00DD6E43 /* SliderTrackLeft@2x.png */,
				357D223A1DF6DBAB00DD6E43 /* SliderTrackRight@2x.png */,
				357D223B1DF6DBAB00DD6E43 /* SmallButton@2x.png */,
				357D223C1DF6DBAB00DD6E43 /* StartOverIcon@2x.png */,
				3577FCE61DF64D8100C55483 /* BullsEye.html */,
			);
			name = Resouce;
			sourceTree = "<group>";
		};
/* End PBXGroup section */

/* Begin PBXNativeTarget section */
		3577FCCA1DF59F0100C55483 /* BullEyes */ = {
			isa = PBXNativeTarget;
			buildConfigurationList = 3577FCDD1DF59F0100C55483 /* Build configuration list for PBXNativeTarget "BullEyes" */;
			buildPhases = (
				3577FCC71DF59F0100C55483 /* Sources */,
				3577FCC81DF59F0100C55483 /* Frameworks */,
				3577FCC91DF59F0100C55483 /* Resources */,
			);
			buildRules = (
			);
			dependencies = (
			);
			name = BullEyes;
			productName = BullEyes;
			productReference = 3577FCCB1DF59F0100C55483 /* BullEyes.app */;
			productType = "com.apple.product-type.application";
		};
/* End PBXNativeTarget section */

/* Begin PBXProject section */
		3577FCC31DF59F0100C55483 /* Project object */ = {
			isa = PBXProject;
			attributes = {
				LastSwiftUpdateCheck = 0820;
				LastUpgradeCheck = 0820;
				ORGANIZATIONNAME = "Doan Tuan";
				TargetAttributes = {
					3577FCCA1DF59F0100C55483 = {
						CreatedOnToolsVersion = 8.2;
						ProvisioningStyle = Automatic;
					};
				};
			};
			buildConfigurationList = 3577FCC61DF59F0100C55483 /* Build configuration list for PBXProject "BullEyes" */;
			compatibilityVersion = "Xcode 3.2";
			developmentRegion = English;
			hasScannedForEncodings = 0;
			knownRegions = (
				en,
				Base,
			);
			mainGroup = 3577FCC21DF59F0100C55483;
			productRefGroup = 3577FCCC1DF59F0100C55483 /* Products */;
			projectDirPath = "";
			projectRoot = "";
			targets = (
				3577FCCA1DF59F0100C55483 /* BullEyes */,
			);
		};
/* End PBXProject section */

/* Begin PBXResourcesBuildPhase section */
		3577FCC91DF59F0100C55483 /* Resources */ = {
			isa = PBXResourcesBuildPhase;
			buildActionMask = 2147483647;
			files = (
				357D22501DF6E29400DD6E43 /* POP Echo Bouncer 01.wav in Resources */,
				357D224D1DF6E29400DD6E43 /* fail.wav in Resources */,
				357D22541DF6E7BA00DD6E43 /* perfect.wav in Resources */,
				3577FCD91DF59F0100C55483 /* LaunchScreen.storyboard in Resources */,
				357D22431DF6DBAB00DD6E43 /* SliderTrackLeft@2x.png in Resources */,
				357D22461DF6DBAB00DD6E43 /* StartOverIcon@2x.png in Resources */,
				357D224F1DF6E29400DD6E43 /* newgame.wav in Resources */,
				3577FCD61DF59F0100C55483 /* Assets.xcassets in Resources */,
				357D223F1DF6DBAB00DD6E43 /* Button-Normal@2x.png in Resources */,
				357D22451DF6DBAB00DD6E43 /* SmallButton@2x.png in Resources */,
				3577FCD41DF59F0100C55483 /* Main.storyboard in Resources */,
				357D224E1DF6E29400DD6E43 /* newRound.wav in Resources */,
				357D22411DF6DBAB00DD6E43 /* SliderThumb-Highlighted@2x.png in Resources */,
				357D223D1DF6DBAB00DD6E43 /* Background@2x.png in Resources */,
				357D223E1DF6DBAB00DD6E43 /* Button-Highlighted@2x.png in Resources */,
				357D22401DF6DBAB00DD6E43 /* InfoButton@2x.png in Resources */,
				3577FCF11DF64D8100C55483 /* BullsEye.html in Resources */,
				357D22441DF6DBAB00DD6E43 /* SliderTrackRight@2x.png in Resources */,
				357D22421DF6DBAB00DD6E43 /* SliderThumb-Normal@2x.png in Resources */,
			);
			runOnlyForDeploymentPostprocessing = 0;
		};
/* End PBXResourcesBuildPhase section */

/* Begin PBXSourcesBuildPhase section */
		3577FCC71DF59F0100C55483 /* Sources */ = {
			isa = PBXSourcesBuildPhase;
			buildActionMask = 2147483647;
			files = (
				3577FCE11DF5B76F00C55483 /* AboutViewController.swift in Sources */,
				3577FCD11DF59F0100C55483 /* ViewController.swift in Sources */,
				3577FCCF1DF59F0100C55483 /* AppDelegate.swift in Sources */,
			);
			runOnlyForDeploymentPostprocessing = 0;
		};
/* End PBXSourcesBuildPhase section */

/* Begin PBXVariantGroup section */
		3577FCD21DF59F0100C55483 /* Main.storyboard */ = {
			isa = PBXVariantGroup;
			children = (
				3577FCD31DF59F0100C55483 /* Base */,
			);
			name = Main.storyboard;
			sourceTree = "<group>";
		};
		3577FCD71DF59F0100C55483 /* LaunchScreen.storyboard */ = {
			isa = PBXVariantGroup;
			children = (
				3577FCD81DF59F0100C55483 /* Base */,
			);
			name = LaunchScreen.storyboard;
			sourceTree = "<group>";
		};
/* End PBXVariantGroup section */

/* Begin XCBuildConfiguration section */
		3577FCDB1DF59F0100C55483 /* Debug */ = {
			isa = XCBuildConfiguration;
			buildSettings = {
				ALWAYS_SEARCH_USER_PATHS = NO;
				CLANG_ANALYZER_NONNULL = YES;
				CLANG_CXX_LANGUAGE_STANDARD = "gnu++0x";
				CLANG_CXX_LIBRARY = "libc++";
				CLANG_ENABLE_MODULES = YES;
				CLANG_ENABLE_OBJC_ARC = YES;
				CLANG_WARN_BOOL_CONVERSION = YES;
				CLANG_WARN_CONSTANT_CONVERSION = YES;
				CLANG_WARN_DIRECT_OBJC_ISA_USAGE = YES_ERROR;
				CLANG_WARN_DOCUMENTATION_COMMENTS = YES;
				CLANG_WARN_EMPTY_BODY = YES;
				CLANG_WARN_ENUM_CONVERSION = YES;
				CLANG_WARN_INFINITE_RECURSION = YES;
				CLANG_WARN_INT_CONVERSION = YES;
				CLANG_WARN_OBJC_ROOT_CLASS = YES_ERROR;
				CLANG_WARN_SUSPICIOUS_MOVE = YES;
				CLANG_WARN_UNREACHABLE_CODE = YES;
				CLANG_WARN__DUPLICATE_METHOD_MATCH = YES;
				"CODE_SIGN_IDENTITY[sdk=iphoneos*]" = "iPhone Developer";
				COPY_PHASE_STRIP = NO;
				DEBUG_INFORMATION_FORMAT = dwarf;
				ENABLE_STRICT_OBJC_MSGSEND = YES;
				ENABLE_TESTABILITY = YES;
				GCC_C_LANGUAGE_STANDARD = gnu99;
				GCC_DYNAMIC_NO_PIC = NO;
				GCC_NO_COMMON_BLOCKS = YES;
				GCC_OPTIMIZATION_LEVEL = 0;
				GCC_PREPROCESSOR_DEFINITIONS = (
					"DEBUG=1",
					"$(inherited)",
				);
				GCC_WARN_64_TO_32_BIT_CONVERSION = YES;
				GCC_WARN_ABOUT_RETURN_TYPE = YES_ERROR;
				GCC_WARN_UNDECLARED_SELECTOR = YES;
				GCC_WARN_UNINITIALIZED_AUTOS = YES_AGGRESSIVE;
				GCC_WARN_UNUSED_FUNCTION = YES;
				GCC_WARN_UNUSED_VARIABLE = YES;
				IPHONEOS_DEPLOYMENT_TARGET = 10.2;
				MTL_ENABLE_DEBUG_INFO = YES;
				ONLY_ACTIVE_ARCH = YES;
				SDKROOT = iphoneos;
				SWIFT_ACTIVE_COMPILATION_CONDITIONS = DEBUG;
				SWIFT_OPTIMIZATION_LEVEL = "-Onone";
				TARGETED_DEVICE_FAMILY = "1,2";
			};
			name = Debug;
		};
		3577FCDC1DF59F0100C55483 /* Release */ = {
			isa = XCBuildConfiguration;
			buildSettings = {
				ALWAYS_SEARCH_USER_PATHS = NO;
				CLANG_ANALYZER_NONNULL = YES;
				CLANG_CXX_LANGUAGE_STANDARD = "gnu++0x";
				CLANG_CXX_LIBRARY = "libc++";
				CLANG_ENABLE_MODULES = YES;
				CLANG_ENABLE_OBJC_ARC = YES;
				CLANG_WARN_BOOL_CONVERSION = YES;
				CLANG_WARN_CONSTANT_CONVERSION = YES;
				CLANG_WARN_DIRECT_OBJC_ISA_USAGE = YES_ERROR;
				CLANG_WARN_DOCUMENTATION_COMMENTS = YES;
				CLANG_WARN_EMPTY_BODY = YES;
				CLANG_WARN_ENUM_CONVERSION = YES;
				CLANG_WARN_INFINITE_RECURSION = YES;
				CLANG_WARN_INT_CONVERSION = YES;
				CLANG_WARN_OBJC_ROOT_CLASS = YES_ERROR;
				CLANG_WARN_SUSPICIOUS_MOVE = YES;
				CLANG_WARN_UNREACHABLE_CODE = YES;
				CLANG_WARN__DUPLICATE_METHOD_MATCH = YES;
				"CODE_SIGN_IDENTITY[sdk=iphoneos*]" = "iPhone Developer";
				COPY_PHASE_STRIP = NO;
				DEBUG_INFORMATION_FORMAT = "dwarf-with-dsym";
				ENABLE_NS_ASSERTIONS = NO;
				ENABLE_STRICT_OBJC_MSGSEND = YES;
				GCC_C_LANGUAGE_STANDARD = gnu99;
				GCC_NO_COMMON_BLOCKS = YES;
				GCC_WARN_64_TO_32_BIT_CONVERSION = YES;
				GCC_WARN_ABOUT_RETURN_TYPE = YES_ERROR;
				GCC_WARN_UNDECLARED_SELECTOR = YES;
				GCC_WARN_UNINITIALIZED_AUTOS = YES_AGGRESSIVE;
				GCC_WARN_UNUSED_FUNCTION = YES;
				GCC_WARN_UNUSED_VARIABLE = YES;
				IPHONEOS_DEPLOYMENT_TARGET = 10.2;
				MTL_ENABLE_DEBUG_INFO = NO;
				SDKROOT = iphoneos;
				SWIFT_OPTIMIZATION_LEVEL = "-Owholemodule";
				TARGETED_DEVICE_FAMILY = "1,2";
				VALIDATE_PRODUCT = YES;
			};
			name = Release;
		};
		3577FCDE1DF59F0100C55483 /* Debug */ = {
			isa = XCBuildConfiguration;
			buildSettings = {
				ASSETCATALOG_COMPILER_APPICON_NAME = AppIcon;
				INFOPLIST_FILE = BullEyes/Info.plist;
				LD_RUNPATH_SEARCH_PATHS = "$(inherited) @executable_path/Frameworks";
				PRODUCT_BUNDLE_IDENTIFIER = doantuan.BullEyes;
				PRODUCT_NAME = "$(TARGET_NAME)";
				SWIFT_VERSION = 3.0;
			};
			name = Debug;
		};
		3577FCDF1DF59F0100C55483 /* Release */ = {
			isa = XCBuildConfiguration;
			buildSettings = {
				ASSETCATALOG_COMPILER_APPICON_NAME = AppIcon;
				INFOPLIST_FILE = BullEyes/Info.plist;
				LD_RUNPATH_SEARCH_PATHS = "$(inherited) @executable_path/Frameworks";
				PRODUCT_BUNDLE_IDENTIFIER = doantuan.BullEyes;
				PRODUCT_NAME = "$(TARGET_NAME)";
				SWIFT_VERSION = 3.0;
			};
			name = Release;
		};
/* End XCBuildConfiguration section */

/* Begin XCConfigurationList section */
		3577FCC61DF59F0100C55483 /* Build configuration list for PBXProject "BullEyes" */ = {
			isa = XCConfigurationList;
			buildConfigurations = (
				3577FCDB1DF59F0100C55483 /* Debug */,
				3577FCDC1DF59F0100C55483 /* Release */,
			);
			defaultConfigurationIsVisible = 0;
			defaultConfigurationName = Release;
		};
		3577FCDD1DF59F0100C55483 /* Build configuration list for PBXNativeTarget "BullEyes" */ = {
			isa = XCConfigurationList;
			buildConfigurations = (
				3577FCDE1DF59F0100C55483 /* Debug */,
				3577FCDF1DF59F0100C55483 /* Release */,
			);
			defaultConfigurationIsVisible = 0;
			defaultConfigurationName = Release;
		};
/* End XCConfigurationList section */
	};
	rootObject = 3577FCC31DF59F0100C55483 /* Project object */;
}
